<?xml version="1.0" encoding="UTF-8" standalone="yes" ?>
<CodeBlocks_project_file>
	<FileVersion major="1" minor="6" />
	<Project>
		<Option title="laberintos-fantasmas" />
		<Option pch_mode="2" />
		<Option compiler="gcc" />
		<Build>
			<Target title="Debug">
				<Option output="bin/Debug/laberintos-fantasmas" prefix_auto="1" extension_auto="1" />
				<Option object_output="obj/Debug/" />
				<Option type="1" />
				<Option compiler="gcc" />
				<Compiler>
					<Add option="-g" />
				</Compiler>
				<Linker>
					<Add library="ws2_32" />
				</Linker>
			</Target>
			<Target title="Release">
				<Option output="bin/Release/laberintos-fantasmas" prefix_auto="1" extension_auto="1" />
				<Option object_output="obj/Release/" />
				<Option type="1" />
				<Option compiler="gcc" />
				<Compiler>
					<Add option="-O2" />
				</Compiler>
				<Linker>
					<Add option="-s" />
				</Linker>
			</Target>
		</Build>
		<Compiler>
			<Add option="-Wall" />
		</Compiler>
		<Unit filename="Estructuras/Arbol.c">
			<Option compilerVar="CC" />
		</Unit>
		<Unit filename="Estructuras/Arbol.h" />
		<Unit filename="Estructuras/Cola.c">
			<Option compilerVar="CC" />
		</Unit>
		<Unit filename="Estructuras/Cola.h" />
		<Unit filename="Estructuras/Lista.c">
			<Option compilerVar="CC" />
		</Unit>
		<Unit filename="Estructuras/Lista.h" />
		<Unit filename="Estructuras/Matriz.c">
			<Option compilerVar="CC" />
		</Unit>
		<Unit filename="Estructuras/Matriz.h" />
		<Unit filename="Estructuras/Vector.c">
			<Option compilerVar="CC" />
		</Unit>
		<Unit filename="Estructuras/Vector.h" />
		<Unit filename="Estructuras/macros.h" />
		<Unit filename="Headers/common.h" />
		<Unit filename="Headers/config.h" />
		<Unit filename="Headers/fantasma.h" />
		<Unit filename="Headers/juego.h" />
		<Unit filename="Headers/jugador.h" />
		<Unit filename="Headers/laberinto.h" />
		<Unit filename="Sources/common.c">
			<Option compilerVar="CC" />
		</Unit>
		<Unit filename="Sources/config.c">
			<Option compilerVar="CC" />
		</Unit>
		<Unit filename="Sources/fantasma.c">
			<Option compilerVar="CC" />
		</Unit>
		<Unit filename="Sources/juego.c">
			<Option compilerVar="CC" />
		</Unit>
		<Unit filename="Sources/jugador.c">
			<Option compilerVar="CC" />
		</Unit>
		<Unit filename="Sources/laberinto.c">
			<Option compilerVar="CC" />
		</Unit>
		<Unit filename="cliente_lib.c">
			<Option compilerVar="CC" />
		</Unit>
		<Unit filename="cliente_lib.h" />
		<Unit filename="main.c">
			<Option compilerVar="CC" />
		</Unit>
		<Extensions />
	</Project>
</CodeBlocks_project_file>
